
Microsoft Visual Studio Solution File, Format Version 12.00
# Visual Studio Version 16
VisualStudioVersion = 16.0.29509.3
MinimumVisualStudioVersion = 10.0.40219.1
Project("{F184B08F-C81C-45F6-A57F-5ABD9991F28F}") = "Calculator_Kate", "Calculator_Kate.vbproj", "{E0EA662A-3E9F-4828-B286-21BE7E1429DB}"
EndProject
Global
	GlobalSection(SolutionConfigurationPlatforms) = preSolution
		Debug|Any CPU = Debug|Any CPU
		Release|Any CPU = Release|Any CPU
	EndGlobalSection
	GlobalSection(ProjectConfigurationPlatforms) = postSolution
		{E0EA662A-3E9F-4828-B286-21BE7E1429DB}.Debug|Any CPU.ActiveCfg = Debug|Any CPU
		{E0EA662A-3E9F-4828-B286-21BE7E1429DB}.Debug|Any CPU.Build.0 = Debug|Any CPU
		{E0EA662A-3E9F-4828-B286-21BE7E1429DB}.Release|Any CPU.ActiveCfg = Release|Any CPU
		{E0EA662A-3E9F-4828-B286-21BE7E1429DB}.Release|Any CPU.Build.0 = Release|Any CPU
	EndGlobalSection
	GlobalSection(SolutionProperties) = preSolution
		HideSolutionNode = FALSE
	EndGlobalSection
	GlobalSection(ExtensibilityGlobals) = postSolution
		SolutionGuid = {FDF3A5CC-4003-4FE8-BECD-E813F6EEA041}
	EndGlobalSection
EndGlobal
